lockfileVersion: 5.4

specifiers:
  '@types/node': ^20.10.5
  chalk: ^5.3.0
  inquirer: ^9.2.12
  typescript: ^5.3.3
  yargs: ^17.7.2

dependencies:
  chalk: 5.3.0
  inquirer: 9.2.12
  yargs: 17.7.2

devDependencies:
  '@types/node': 20.10.5
  typescript: 5.3.3

packages:

  /@ljharb/through/2.3.11:
    resolution: {integrity: sha1-eDYA/xLAbyGnbMJuM6vQsVlQkvk=, tarball: '@ljharb/through/download/@ljharb/through-2.3.11.tgz'}
    engines: {node: '>= 0.4'}
    dependencies:
      call-bind: 1.0.5
    dev: false

  /@types/node/20.10.5:
    resolution: {integrity: sha1-R61GC1FAlrftY6Ha4m+tCRTtOrI=, tarball: '@types/node/download/@types/node-20.10.5.tgz'}
    dependencies:
      undici-types: 5.26.5
    dev: true

  /ansi-escapes/4.3.2:
    resolution: {integrity: sha1-ayKR0dt9mLZSHV8e+kLQ86n+tl4=, tarball: ansi-escapes/download/ansi-escapes-4.3.2.tgz}
    engines: {node: '>=8'}
    dependencies:
      type-fest: 0.21.3
    dev: false

  /ansi-regex/5.0.1:
    resolution: {integrity: sha1-CCyyyJyf6GWaMRpTvWpNxTAdswQ=, tarball: ansi-regex/download/ansi-regex-5.0.1.tgz}
    engines: {node: '>=8'}
    dev: false

  /ansi-styles/4.3.0:
    resolution: {integrity: sha1-7dgDYornHATIWuegkG7a00tkiTc=, tarball: ansi-styles/download/ansi-styles-4.3.0.tgz}
    engines: {node: '>=8'}
    dependencies:
      color-convert: 2.0.1
    dev: false

  /base64-js/1.5.1:
    resolution: {integrity: sha1-GxtEAWClv3rUC2UPCVljSBkDkwo=, tarball: base64-js/download/base64-js-1.5.1.tgz}
    dev: false

  /bl/4.1.0:
    resolution: {integrity: sha1-RRU1JkGCvsL7vIOmKrmM8R2fezo=, tarball: bl/download/bl-4.1.0.tgz}
    dependencies:
      buffer: 5.7.1
      inherits: 2.0.4
      readable-stream: 3.6.2
    dev: false

  /buffer/5.7.1:
    resolution: {integrity: sha1-umLnwTEzBTWCGXFghRqPZI6Z7tA=, tarball: buffer/download/buffer-5.7.1.tgz}
    dependencies:
      base64-js: 1.5.1
      ieee754: 1.2.1
    dev: false

  /call-bind/1.0.5:
    resolution: {integrity: sha1-b6K3hFzg6km/TYue9kcnosLi5RM=, tarball: call-bind/download/call-bind-1.0.5.tgz}
    dependencies:
      function-bind: 1.1.2
      get-intrinsic: 1.2.2
      set-function-length: 1.1.1
    dev: false

  /chalk/4.1.2:
    resolution: {integrity: sha1-qsTit3NKdAhnrrFr8CqtVWoeegE=, tarball: chalk/download/chalk-4.1.2.tgz}
    engines: {node: '>=10'}
    dependencies:
      ansi-styles: 4.3.0
      supports-color: 7.2.0
    dev: false

  /chalk/5.3.0:
    resolution: {integrity: sha1-Z8IKfr73Dn85cKAfkPohDLaGA4U=, tarball: chalk/download/chalk-5.3.0.tgz}
    engines: {node: ^12.17.0 || ^14.13 || >=16.0.0}
    dev: false

  /chardet/0.7.0:
    resolution: {integrity: sha1-kAlISfCTfy7twkJdDSip5fDLrZ4=, tarball: chardet/download/chardet-0.7.0.tgz}
    dev: false

  /cli-cursor/3.1.0:
    resolution: {integrity: sha1-JkMFp65JDR0Dvwybp8kl0XU68wc=, tarball: cli-cursor/download/cli-cursor-3.1.0.tgz}
    engines: {node: '>=8'}
    dependencies:
      restore-cursor: 3.1.0
    dev: false

  /cli-spinners/2.9.2:
    resolution: {integrity: sha1-F3Oo9LnE1qwxVj31Oz/B15Ri/kE=, tarball: cli-spinners/download/cli-spinners-2.9.2.tgz}
    engines: {node: '>=6'}
    dev: false

  /cli-width/4.1.0:
    resolution: {integrity: sha1-QtqsQdPCVO84rYrAN2chMBc2kcU=, tarball: cli-width/download/cli-width-4.1.0.tgz}
    engines: {node: '>= 12'}
    dev: false

  /cliui/8.0.1:
    resolution: {integrity: sha1-DASwddsCy/5g3I5s8vVIaxo2CKo=, tarball: cliui/download/cliui-8.0.1.tgz}
    engines: {node: '>=12'}
    dependencies:
      string-width: 4.2.3
      strip-ansi: 6.0.1
      wrap-ansi: 7.0.0
    dev: false

  /clone/1.0.4:
    resolution: {integrity: sha1-2jCcwmPfFZlMaIypAheco8fNfH4=, tarball: clone/download/clone-1.0.4.tgz}
    engines: {node: '>=0.8'}
    dev: false

  /color-convert/2.0.1:
    resolution: {integrity: sha1-ctOmjVmMm9s68q0ehPIdiWq9TeM=, tarball: color-convert/download/color-convert-2.0.1.tgz}
    engines: {node: '>=7.0.0'}
    dependencies:
      color-name: 1.1.4
    dev: false

  /color-name/1.1.4:
    resolution: {integrity: sha1-wqCah6y95pVD3m9j+jmVyCbFNqI=, tarball: color-name/download/color-name-1.1.4.tgz}
    dev: false

  /defaults/1.0.4:
    resolution: {integrity: sha1-sLAgYsHiqmL/XZUo8PmLqpCXjXo=, tarball: defaults/download/defaults-1.0.4.tgz}
    dependencies:
      clone: 1.0.4
    dev: false

  /define-data-property/1.1.1:
    resolution: {integrity: sha1-w1980KsJiDSA0SrFyyE3FVh4ALM=, tarball: define-data-property/download/define-data-property-1.1.1.tgz}
    engines: {node: '>= 0.4'}
    dependencies:
      get-intrinsic: 1.2.2
      gopd: 1.0.1
      has-property-descriptors: 1.0.1
    dev: false

  /emoji-regex/8.0.0:
    resolution: {integrity: sha1-6Bj9ac5cz8tARZT4QpY79TFkzDc=, tarball: emoji-regex/download/emoji-regex-8.0.0.tgz}
    dev: false

  /escalade/3.1.1:
    resolution: {integrity: sha1-2M/ccACWXFoBdLSoLqpcBVJ0LkA=, tarball: escalade/download/escalade-3.1.1.tgz}
    engines: {node: '>=6'}
    dev: false

  /escape-string-regexp/5.0.0:
    resolution: {integrity: sha1-RoMSa1ALYXYvLb66zhgG6L4xscg=, tarball: escape-string-regexp/download/escape-string-regexp-5.0.0.tgz}
    engines: {node: '>=12'}
    dev: false

  /external-editor/3.1.0:
    resolution: {integrity: sha1-ywP3QL764D6k0oPK7SdBqD8zVJU=, tarball: external-editor/download/external-editor-3.1.0.tgz}
    engines: {node: '>=4'}
    dependencies:
      chardet: 0.7.0
      iconv-lite: 0.4.24
      tmp: 0.0.33
    dev: false

  /figures/5.0.0:
    resolution: {integrity: sha1-EmzQVQUt6mmfilToyUUObs/ETV8=, tarball: figures/download/figures-5.0.0.tgz}
    engines: {node: '>=14'}
    dependencies:
      escape-string-regexp: 5.0.0
      is-unicode-supported: 1.3.0
    dev: false

  /function-bind/1.1.2:
    resolution: {integrity: sha1-LALYZNl/PqbIgwxGTL0Rq26rehw=, tarball: function-bind/download/function-bind-1.1.2.tgz}
    dev: false

  /get-caller-file/2.0.5:
    resolution: {integrity: sha1-T5RBKoLbMvNuOwuXQfipf+sDH34=, tarball: get-caller-file/download/get-caller-file-2.0.5.tgz}
    engines: {node: 6.* || 8.* || >= 10.*}
    dev: false

  /get-intrinsic/1.2.2:
    resolution: {integrity: sha1-KBt2IpcRI+HvSzyQ/XU5MG2pPzs=, tarball: get-intrinsic/download/get-intrinsic-1.2.2.tgz}
    dependencies:
      function-bind: 1.1.2
      has-proto: 1.0.1
      has-symbols: 1.0.3
      hasown: 2.0.0
    dev: false

  /gopd/1.0.1:
    resolution: {integrity: sha1-Kf923mnax0ibfAkYpXiOVkd8Myw=, tarball: gopd/download/gopd-1.0.1.tgz}
    dependencies:
      get-intrinsic: 1.2.2
    dev: false

  /has-flag/4.0.0:
    resolution: {integrity: sha1-lEdx/ZyByBJlxNaUGGDaBrtZR5s=, tarball: has-flag/download/has-flag-4.0.0.tgz}
    engines: {node: '>=8'}
    dev: false

  /has-property-descriptors/1.0.1:
    resolution: {integrity: sha1-UrowtsXsh/2J+ldLwcORJcb2U0A=, tarball: has-property-descriptors/download/has-property-descriptors-1.0.1.tgz}
    dependencies:
      get-intrinsic: 1.2.2
    dev: false

  /has-proto/1.0.1:
    resolution: {integrity: sha1-GIXBMFU4lYr/Rp/vN5N8InlUCOA=, tarball: has-proto/download/has-proto-1.0.1.tgz}
    engines: {node: '>= 0.4'}
    dev: false

  /has-symbols/1.0.3:
    resolution: {integrity: sha1-u3ssQ0klHc6HsSX3vfh0qnyLOfg=, tarball: has-symbols/download/has-symbols-1.0.3.tgz}
    engines: {node: '>= 0.4'}
    dev: false

  /hasown/2.0.0:
    resolution: {integrity: sha1-9MUT1FSle3x+FlB3jeImsRcAVGw=, tarball: hasown/download/hasown-2.0.0.tgz}
    engines: {node: '>= 0.4'}
    dependencies:
      function-bind: 1.1.2
    dev: false

  /iconv-lite/0.4.24:
    resolution: {integrity: sha1-ICK0sl+93CHS9SSXSkdKr+czkIs=, tarball: iconv-lite/download/iconv-lite-0.4.24.tgz}
    engines: {node: '>=0.10.0'}
    dependencies:
      safer-buffer: 2.1.2
    dev: false

  /ieee754/1.2.1:
    resolution: {integrity: sha1-jrehCmP/8l0VpXsAFYbRd9Gw01I=, tarball: ieee754/download/ieee754-1.2.1.tgz}
    dev: false

  /inherits/2.0.4:
    resolution: {integrity: sha1-D6LGT5MpF8NDOg3tVTY6rjdBa3w=, tarball: inherits/download/inherits-2.0.4.tgz}
    dev: false

  /inquirer/9.2.12:
    resolution: {integrity: sha1-A0jpMRdlt8k/zhQ7scDvGuh5sdc=, tarball: inquirer/download/inquirer-9.2.12.tgz}
    engines: {node: '>=14.18.0'}
    dependencies:
      '@ljharb/through': 2.3.11
      ansi-escapes: 4.3.2
      chalk: 5.3.0
      cli-cursor: 3.1.0
      cli-width: 4.1.0
      external-editor: 3.1.0
      figures: 5.0.0
      lodash: 4.17.21
      mute-stream: 1.0.0
      ora: 5.4.1
      run-async: 3.0.0
      rxjs: 7.8.1
      string-width: 4.2.3
      strip-ansi: 6.0.1
      wrap-ansi: 6.2.0
    dev: false

  /is-fullwidth-code-point/3.0.0:
    resolution: {integrity: sha1-8Rb4Bk/pCz94RKOJl8C3UFEmnx0=, tarball: is-fullwidth-code-point/download/is-fullwidth-code-point-3.0.0.tgz}
    engines: {node: '>=8'}
    dev: false

  /is-interactive/1.0.0:
    resolution: {integrity: sha1-zqbmrlyHCnsKAAQHC3tYfgJSkS4=, tarball: is-interactive/download/is-interactive-1.0.0.tgz}
    engines: {node: '>=8'}
    dev: false

  /is-unicode-supported/0.1.0:
    resolution: {integrity: sha1-PybHaoCVk7Ur+i7LVxDtJ3m1Iqc=, tarball: is-unicode-supported/download/is-unicode-supported-0.1.0.tgz}
    engines: {node: '>=10'}
    dev: false

  /is-unicode-supported/1.3.0:
    resolution: {integrity: sha1-2CSYS2FsKSouGYIH1KYJmDhC9xQ=, tarball: is-unicode-supported/download/is-unicode-supported-1.3.0.tgz}
    engines: {node: '>=12'}
    dev: false

  /lodash/4.17.21:
    resolution: {integrity: sha1-Z5WRxWTDv/quhFTPCz3zcMPWkRw=, tarball: lodash/download/lodash-4.17.21.tgz}
    dev: false

  /log-symbols/4.1.0:
    resolution: {integrity: sha1-P727lbRoOsn8eFER55LlWNSr1QM=, tarball: log-symbols/download/log-symbols-4.1.0.tgz}
    engines: {node: '>=10'}
    dependencies:
      chalk: 4.1.2
      is-unicode-supported: 0.1.0
    dev: false

  /mimic-fn/2.1.0:
    resolution: {integrity: sha1-ftLCzMyvhNP/y3pptXcR/CCDQBs=, tarball: mimic-fn/download/mimic-fn-2.1.0.tgz}
    engines: {node: '>=6'}
    dev: false

  /mute-stream/1.0.0:
    resolution: {integrity: sha1-4xvZ/mLwrtI1IKpDJOpmcVMeAT4=, tarball: mute-stream/download/mute-stream-1.0.0.tgz}
    engines: {node: ^14.17.0 || ^16.13.0 || >=18.0.0}
    dev: false

  /onetime/5.1.2:
    resolution: {integrity: sha1-0Oluu1awdHbfHdnEgG5SN5hcpF4=, tarball: onetime/download/onetime-5.1.2.tgz}
    engines: {node: '>=6'}
    dependencies:
      mimic-fn: 2.1.0
    dev: false

  /ora/5.4.1:
    resolution: {integrity: sha1-GyZ4Qmr0rEpQkAjl5KyemVnbnhg=, tarball: ora/download/ora-5.4.1.tgz}
    engines: {node: '>=10'}
    dependencies:
      bl: 4.1.0
      chalk: 4.1.2
      cli-cursor: 3.1.0
      cli-spinners: 2.9.2
      is-interactive: 1.0.0
      is-unicode-supported: 0.1.0
      log-symbols: 4.1.0
      strip-ansi: 6.0.1
      wcwidth: 1.0.1
    dev: false

  /os-tmpdir/1.0.2:
    resolution: {integrity: sha1-u+Z0BseaqFxc/sdm/lc0VV36EnQ=, tarball: os-tmpdir/download/os-tmpdir-1.0.2.tgz}
    engines: {node: '>=0.10.0'}
    dev: false

  /readable-stream/3.6.2:
    resolution: {integrity: sha1-VqmzbqllwAxak+8x6xEaDxEFaWc=, tarball: readable-stream/download/readable-stream-3.6.2.tgz}
    engines: {node: '>= 6'}
    dependencies:
      inherits: 2.0.4
      string_decoder: 1.3.0
      util-deprecate: 1.0.2
    dev: false

  /require-directory/2.1.1:
    resolution: {integrity: sha1-jGStX9MNqxyXbiNE/+f3kqam30I=, tarball: require-directory/download/require-directory-2.1.1.tgz}
    engines: {node: '>=0.10.0'}
    dev: false

  /restore-cursor/3.1.0:
    resolution: {integrity: sha1-OfZ8VLOnpYzqUjbZXPADQjljH34=, tarball: restore-cursor/download/restore-cursor-3.1.0.tgz}
    engines: {node: '>=8'}
    dependencies:
      onetime: 5.1.2
      signal-exit: 3.0.7
    dev: false

  /run-async/3.0.0:
    resolution: {integrity: sha1-QqQy9tdsaJUiBYmEOE3yi+N52q0=, tarball: run-async/download/run-async-3.0.0.tgz}
    engines: {node: '>=0.12.0'}
    dev: false

  /rxjs/7.8.1:
    resolution: {integrity: sha1-b289meqARCke/ZLnx/z1YsQFdUM=, tarball: rxjs/download/rxjs-7.8.1.tgz}
    dependencies:
      tslib: 2.6.2
    dev: false

  /safe-buffer/5.2.1:
    resolution: {integrity: sha1-Hq+fqb2x/dTsdfWPnNtOa3gn7sY=, tarball: safe-buffer/download/safe-buffer-5.2.1.tgz}
    dev: false

  /safer-buffer/2.1.2:
    resolution: {integrity: sha1-RPoWGwGHuVSd2Eu5GAL5vYOFzWo=, tarball: safer-buffer/download/safer-buffer-2.1.2.tgz}
    dev: false

  /set-function-length/1.1.1:
    resolution: {integrity: sha1-S8Ofr7AwciSjPhBqfTXKEhjWWe0=, tarball: set-function-length/download/set-function-length-1.1.1.tgz}
    engines: {node: '>= 0.4'}
    dependencies:
      define-data-property: 1.1.1
      get-intrinsic: 1.2.2
      gopd: 1.0.1
      has-property-descriptors: 1.0.1
    dev: false

  /signal-exit/3.0.7:
    resolution: {integrity: sha1-qaF2f4r4QVURTqq9c/mSc8j1mtk=, tarball: signal-exit/download/signal-exit-3.0.7.tgz}
    dev: false

  /string-width/4.2.3:
    resolution: {integrity: sha1-JpxxF9J7Ba0uU2gwqOyJXvnG0BA=, tarball: string-width/download/string-width-4.2.3.tgz}
    engines: {node: '>=8'}
    dependencies:
      emoji-regex: 8.0.0
      is-fullwidth-code-point: 3.0.0
      strip-ansi: 6.0.1
    dev: false

  /string_decoder/1.3.0:
    resolution: {integrity: sha1-QvEUWUpGzxqOMLCoT1bHjD7awh4=, tarball: string_decoder/download/string_decoder-1.3.0.tgz}
    dependencies:
      safe-buffer: 5.2.1
    dev: false

  /strip-ansi/6.0.1:
    resolution: {integrity: sha1-nibGPTD1NEPpSJSVshBdN7Z6hdk=, tarball: strip-ansi/download/strip-ansi-6.0.1.tgz}
    engines: {node: '>=8'}
    dependencies:
      ansi-regex: 5.0.1
    dev: false

  /supports-color/7.2.0:
    resolution: {integrity: sha1-G33NyzK4E4gBs+R4umpRyqiWSNo=, tarball: supports-color/download/supports-color-7.2.0.tgz}
    engines: {node: '>=8'}
    dependencies:
      has-flag: 4.0.0
    dev: false

  /tmp/0.0.33:
    resolution: {integrity: sha1-bTQzWIl2jSGyvNoKonfO07G/rfk=, tarball: tmp/download/tmp-0.0.33.tgz}
    engines: {node: '>=0.6.0'}
    dependencies:
      os-tmpdir: 1.0.2
    dev: false

  /tslib/2.6.2:
    resolution: {integrity: sha1-cDrClCXns3zW/UVukkBNRtHz5K4=, tarball: tslib/download/tslib-2.6.2.tgz}
    dev: false

  /type-fest/0.21.3:
    resolution: {integrity: sha1-0mCiSwGYQ24TP6JqUkptZfo7Ljc=, tarball: type-fest/download/type-fest-0.21.3.tgz}
    engines: {node: '>=10'}
    dev: false

  /typescript/5.3.3:
    resolution: {integrity: sha1-s85roljnLmMFumb1ybRSqu4//jc=, tarball: typescript/download/typescript-5.3.3.tgz}
    engines: {node: '>=14.17'}
    hasBin: true
    dev: true

  /undici-types/5.26.5:
    resolution: {integrity: sha1-vNU5iT0AtW6WT9JlekhmsiGmVhc=, tarball: undici-types/download/undici-types-5.26.5.tgz}
    dev: true

  /util-deprecate/1.0.2:
    resolution: {integrity: sha1-RQ1Nyfpw3nMnYvvS1KKJgUGaDM8=, tarball: util-deprecate/download/util-deprecate-1.0.2.tgz}
    dev: false

  /wcwidth/1.0.1:
    resolution: {integrity: sha1-8LDc+RW8X/FSivrbLA4XtTLaL+g=, tarball: wcwidth/download/wcwidth-1.0.1.tgz}
    dependencies:
      defaults: 1.0.4
    dev: false

  /wrap-ansi/6.2.0:
    resolution: {integrity: sha1-6Tk7oHEC5skaOyIUePAlfNKFblM=, tarball: wrap-ansi/download/wrap-ansi-6.2.0.tgz}
    engines: {node: '>=8'}
    dependencies:
      ansi-styles: 4.3.0
      string-width: 4.2.3
      strip-ansi: 6.0.1
    dev: false

  /wrap-ansi/7.0.0:
    resolution: {integrity: sha1-Z+FFz/UQpqaYS98RUpEdadLrnkM=, tarball: wrap-ansi/download/wrap-ansi-7.0.0.tgz}
    engines: {node: '>=10'}
    dependencies:
      ansi-styles: 4.3.0
      string-width: 4.2.3
      strip-ansi: 6.0.1
    dev: false

  /y18n/5.0.8:
    resolution: {integrity: sha1-f0k00PfKjFb5UxSTndzS3ZHOHVU=, tarball: y18n/download/y18n-5.0.8.tgz}
    engines: {node: '>=10'}
    dev: false

  /yargs-parser/21.1.1:
    resolution: {integrity: sha1-kJa87r+ZDSG7MfqVFuDt4pSnfTU=, tarball: yargs-parser/download/yargs-parser-21.1.1.tgz}
    engines: {node: '>=12'}
    dev: false

  /yargs/17.7.2:
    resolution: {integrity: sha1-mR3zmspnWhkrgW4eA2P5110qomk=, tarball: yargs/download/yargs-17.7.2.tgz}
    engines: {node: '>=12'}
    dependencies:
      cliui: 8.0.1
      escalade: 3.1.1
      get-caller-file: 2.0.5
      require-directory: 2.1.1
      string-width: 4.2.3
      y18n: 5.0.8
      yargs-parser: 21.1.1
    dev: false
